// !$*UTF8*$!
{
	archiveVersion = 1;
	classes = {
	};
	objectVersion = 50;
	objects = {

/* Begin PBXBuildFile section */
		AA768DF421EDC0E70027A930 /* AppDelegate.swift in Sources */ = {isa = PBXBuildFile; fileRef = AA768DF321EDC0E70027A930 /* AppDelegate.swift */; };
		AA768DF621EDC0E70027A930 /* ViewController.swift in Sources */ = {isa = PBXBuildFile; fileRef = AA768DF521EDC0E70027A930 /* ViewController.swift */; };
		AA768DF821EDC0E90027A930 /* Assets.xcassets in Resources */ = {isa = PBXBuildFile; fileRef = AA768DF721EDC0E90027A930 /* Assets.xcassets */; };
		AA768DFB21EDC0E90027A930 /* Main.storyboard in Resources */ = {isa = PBXBuildFile; fileRef = AA768DF921EDC0E90027A930 /* Main.storyboard */; };
		AA768E0721EDC0E90027A930 /* SwiftChip8Tests.swift in Sources */ = {isa = PBXBuildFile; fileRef = AA768E0621EDC0E90027A930 /* SwiftChip8Tests.swift */; };
		AA768E1821EDC1040027A930 /* main.swift in Sources */ = {isa = PBXBuildFile; fileRef = AA768E1721EDC1040027A930 /* main.swift */; };
		AA9627DA21EE6BE4002F7A9F /* main.swift in Sources */ = {isa = PBXBuildFile; fileRef = AA9627D921EE6BE4002F7A9F /* main.swift */; };
		AA9627EC21EF39A2002F7A9F /* SwiftChip8EmulatorCore.framework in Frameworks */ = {isa = PBXBuildFile; fileRef = AA9627E321EF39A2002F7A9F /* SwiftChip8EmulatorCore.framework */; };
		AA9627F321EF39A2002F7A9F /* SwiftChip8EmulatorCoreTests.swift in Sources */ = {isa = PBXBuildFile; fileRef = AA9627F221EF39A2002F7A9F /* SwiftChip8EmulatorCoreTests.swift */; };
		AA9627F521EF39A2002F7A9F /* SwiftChip8EmulatorCore.h in Headers */ = {isa = PBXBuildFile; fileRef = AA9627E521EF39A2002F7A9F /* SwiftChip8EmulatorCore.h */; settings = {ATTRIBUTES = (Public, ); }; };
		AA9627F821EF39A2002F7A9F /* SwiftChip8EmulatorCore.framework in Frameworks */ = {isa = PBXBuildFile; fileRef = AA9627E321EF39A2002F7A9F /* SwiftChip8EmulatorCore.framework */; };
		AA9627F921EF39A2002F7A9F /* SwiftChip8EmulatorCore.framework in Embed Frameworks */ = {isa = PBXBuildFile; fileRef = AA9627E321EF39A2002F7A9F /* SwiftChip8EmulatorCore.framework */; settings = {ATTRIBUTES = (CodeSignOnCopy, RemoveHeadersOnCopy, ); }; };
		AA96280221EF39E4002F7A9F /* Chip8SystemDescription.swift in Sources */ = {isa = PBXBuildFile; fileRef = AA96280121EF39E4002F7A9F /* Chip8SystemDescription.swift */; };
		AA96280421EF3A34002F7A9F /* Stack.swift in Sources */ = {isa = PBXBuildFile; fileRef = AA96280321EF3A34002F7A9F /* Stack.swift */; };
		AA96280621EF3AC0002F7A9F /* BitCollection.swift in Sources */ = {isa = PBXBuildFile; fileRef = AA96280521EF3AC0002F7A9F /* BitCollection.swift */; };
		AA96280821EF3AFC002F7A9F /* Register.swift in Sources */ = {isa = PBXBuildFile; fileRef = AA96280721EF3AFC002F7A9F /* Register.swift */; };
		AA96280A21EF3B3E002F7A9F /* ProgramCounter.swift in Sources */ = {isa = PBXBuildFile; fileRef = AA96280921EF3B3E002F7A9F /* ProgramCounter.swift */; };
		AA96280C21EF3B93002F7A9F /* EmulationError.swift in Sources */ = {isa = PBXBuildFile; fileRef = AA96280B21EF3B93002F7A9F /* EmulationError.swift */; };
		AA96280E21EF3BEA002F7A9F /* Registers.swift in Sources */ = {isa = PBXBuildFile; fileRef = AA96280D21EF3BEA002F7A9F /* Registers.swift */; };
		AA96281021EF3C5D002F7A9F /* Keys.swift in Sources */ = {isa = PBXBuildFile; fileRef = AA96280F21EF3C5D002F7A9F /* Keys.swift */; };
		AA96281221EF3C99002F7A9F /* Opcode.swift in Sources */ = {isa = PBXBuildFile; fileRef = AA96281121EF3C99002F7A9F /* Opcode.swift */; };
		AA96281421EF3CC3002F7A9F /* MemoryIndex.swift in Sources */ = {isa = PBXBuildFile; fileRef = AA96281321EF3CC3002F7A9F /* MemoryIndex.swift */; };
		AA96281621EF3CF5002F7A9F /* Timer.swift in Sources */ = {isa = PBXBuildFile; fileRef = AA96281521EF3CF5002F7A9F /* Timer.swift */; };
		AA96281821EF3D69002F7A9F /* Memory.swift in Sources */ = {isa = PBXBuildFile; fileRef = AA96281721EF3D69002F7A9F /* Memory.swift */; };
		AA96281A21EF3DC9002F7A9F /* SpriteBuffer.swift in Sources */ = {isa = PBXBuildFile; fileRef = AA96281921EF3DC9002F7A9F /* SpriteBuffer.swift */; };
		AA96281C21EF3E71002F7A9F /* MachineState.swift in Sources */ = {isa = PBXBuildFile; fileRef = AA96281B21EF3E71002F7A9F /* MachineState.swift */; };
		AA96281E21EF3F04002F7A9F /* SwiftChip8Emulator.swift in Sources */ = {isa = PBXBuildFile; fileRef = AA96281D21EF3F04002F7A9F /* SwiftChip8Emulator.swift */; };
/* End PBXBuildFile section */

/* Begin PBXContainerItemProxy section */
		AA768E0321EDC0E90027A930 /* PBXContainerItemProxy */ = {
			isa = PBXContainerItemProxy;
			containerPortal = AA768DE821EDC0E70027A930 /* Project object */;
			proxyType = 1;
			remoteGlobalIDString = AA768DEF21EDC0E70027A930;
			remoteInfo = SwiftChip8;
		};
		AA9627ED21EF39A2002F7A9F /* PBXContainerItemProxy */ = {
			isa = PBXContainerItemProxy;
			containerPortal = AA768DE821EDC0E70027A930 /* Project object */;
			proxyType = 1;
			remoteGlobalIDString = AA9627E221EF39A2002F7A9F;
			remoteInfo = SwiftChip8EmulatorCore;
		};
		AA9627EF21EF39A2002F7A9F /* PBXContainerItemProxy */ = {
			isa = PBXContainerItemProxy;
			containerPortal = AA768DE821EDC0E70027A930 /* Project object */;
			proxyType = 1;
			remoteGlobalIDString = AA768DEF21EDC0E70027A930;
			remoteInfo = SwiftChip8;
		};
		AA9627F621EF39A2002F7A9F /* PBXContainerItemProxy */ = {
			isa = PBXContainerItemProxy;
			containerPortal = AA768DE821EDC0E70027A930 /* Project object */;
			proxyType = 1;
			remoteGlobalIDString = AA9627E221EF39A2002F7A9F;
			remoteInfo = SwiftChip8EmulatorCore;
		};
/* End PBXContainerItemProxy section */

/* Begin PBXCopyFilesBuildPhase section */
		AA768E1321EDC1040027A930 /* CopyFiles */ = {
			isa = PBXCopyFilesBuildPhase;
			buildActionMask = 2147483647;
			dstPath = /usr/share/man/man1/;
			dstSubfolderSpec = 0;
			files = (
			);
			runOnlyForDeploymentPostprocessing = 1;
		};
		AA9627D521EE6BE4002F7A9F /* CopyFiles */ = {
			isa = PBXCopyFilesBuildPhase;
			buildActionMask = 2147483647;
			dstPath = /usr/share/man/man1/;
			dstSubfolderSpec = 0;
			files = (
			);
			runOnlyForDeploymentPostprocessing = 1;
		};
		AA9627FD21EF39A2002F7A9F /* Embed Frameworks */ = {
			isa = PBXCopyFilesBuildPhase;
			buildActionMask = 2147483647;
			dstPath = "";
			dstSubfolderSpec = 10;
			files = (
				AA9627F921EF39A2002F7A9F /* SwiftChip8EmulatorCore.framework in Embed Frameworks */,
			);
			name = "Embed Frameworks";
			runOnlyForDeploymentPostprocessing = 0;
		};
/* End PBXCopyFilesBuildPhase section */

/* Begin PBXFileReference section */
		AA768DF021EDC0E70027A930 /* SwiftChip8.app */ = {isa = PBXFileReference; explicitFileType = wrapper.application; includeInIndex = 0; path = SwiftChip8.app; sourceTree = BUILT_PRODUCTS_DIR; };
		AA768DF321EDC0E70027A930 /* AppDelegate.swift */ = {isa = PBXFileReference; lastKnownFileType = sourcecode.swift; path = AppDelegate.swift; sourceTree = "<group>"; };
		AA768DF521EDC0E70027A930 /* ViewController.swift */ = {isa = PBXFileReference; lastKnownFileType = sourcecode.swift; path = ViewController.swift; sourceTree = "<group>"; };
		AA768DF721EDC0E90027A930 /* Assets.xcassets */ = {isa = PBXFileReference; lastKnownFileType = folder.assetcatalog; path = Assets.xcassets; sourceTree = "<group>"; };
		AA768DFA21EDC0E90027A930 /* Base */ = {isa = PBXFileReference; lastKnownFileType = file.storyboard; name = Base; path = Base.lproj/Main.storyboard; sourceTree = "<group>"; };
		AA768DFC21EDC0E90027A930 /* Info.plist */ = {isa = PBXFileReference; lastKnownFileType = text.plist.xml; path = Info.plist; sourceTree = "<group>"; };
		AA768DFD21EDC0E90027A930 /* SwiftChip8.entitlements */ = {isa = PBXFileReference; lastKnownFileType = text.plist.entitlements; path = SwiftChip8.entitlements; sourceTree = "<group>"; };
		AA768E0221EDC0E90027A930 /* SwiftChip8Tests.xctest */ = {isa = PBXFileReference; explicitFileType = wrapper.cfbundle; includeInIndex = 0; path = SwiftChip8Tests.xctest; sourceTree = BUILT_PRODUCTS_DIR; };
		AA768E0621EDC0E90027A930 /* SwiftChip8Tests.swift */ = {isa = PBXFileReference; lastKnownFileType = sourcecode.swift; path = SwiftChip8Tests.swift; sourceTree = "<group>"; };
		AA768E0821EDC0E90027A930 /* Info.plist */ = {isa = PBXFileReference; lastKnownFileType = text.plist.xml; path = Info.plist; sourceTree = "<group>"; };
		AA768E1521EDC1040027A930 /* operators */ = {isa = PBXFileReference; explicitFileType = "compiled.mach-o.executable"; includeInIndex = 0; path = operators; sourceTree = BUILT_PRODUCTS_DIR; };
		AA768E1721EDC1040027A930 /* main.swift */ = {isa = PBXFileReference; lastKnownFileType = sourcecode.swift; path = main.swift; sourceTree = "<group>"; };
		AA9627D721EE6BE4002F7A9F /* checks */ = {isa = PBXFileReference; explicitFileType = "compiled.mach-o.executable"; includeInIndex = 0; path = checks; sourceTree = BUILT_PRODUCTS_DIR; };
		AA9627D921EE6BE4002F7A9F /* main.swift */ = {isa = PBXFileReference; lastKnownFileType = sourcecode.swift; path = main.swift; sourceTree = "<group>"; };
		AA9627E321EF39A2002F7A9F /* SwiftChip8EmulatorCore.framework */ = {isa = PBXFileReference; explicitFileType = wrapper.framework; includeInIndex = 0; path = SwiftChip8EmulatorCore.framework; sourceTree = BUILT_PRODUCTS_DIR; };
		AA9627E521EF39A2002F7A9F /* SwiftChip8EmulatorCore.h */ = {isa = PBXFileReference; lastKnownFileType = sourcecode.c.h; path = SwiftChip8EmulatorCore.h; sourceTree = "<group>"; };
		AA9627E621EF39A2002F7A9F /* Info.plist */ = {isa = PBXFileReference; lastKnownFileType = text.plist.xml; path = Info.plist; sourceTree = "<group>"; };
		AA9627EB21EF39A2002F7A9F /* SwiftChip8EmulatorCoreTests.xctest */ = {isa = PBXFileReference; explicitFileType = wrapper.cfbundle; includeInIndex = 0; path = SwiftChip8EmulatorCoreTests.xctest; sourceTree = BUILT_PRODUCTS_DIR; };
		AA9627F221EF39A2002F7A9F /* SwiftChip8EmulatorCoreTests.swift */ = {isa = PBXFileReference; lastKnownFileType = sourcecode.swift; path = SwiftChip8EmulatorCoreTests.swift; sourceTree = "<group>"; };
		AA9627F421EF39A2002F7A9F /* Info.plist */ = {isa = PBXFileReference; lastKnownFileType = text.plist.xml; path = Info.plist; sourceTree = "<group>"; };
		AA96280121EF39E4002F7A9F /* Chip8SystemDescription.swift */ = {isa = PBXFileReference; lastKnownFileType = sourcecode.swift; path = Chip8SystemDescription.swift; sourceTree = "<group>"; };
		AA96280321EF3A34002F7A9F /* Stack.swift */ = {isa = PBXFileReference; lastKnownFileType = sourcecode.swift; path = Stack.swift; sourceTree = "<group>"; };
		AA96280521EF3AC0002F7A9F /* BitCollection.swift */ = {isa = PBXFileReference; lastKnownFileType = sourcecode.swift; path = BitCollection.swift; sourceTree = "<group>"; };
		AA96280721EF3AFC002F7A9F /* Register.swift */ = {isa = PBXFileReference; lastKnownFileType = sourcecode.swift; path = Register.swift; sourceTree = "<group>"; };
		AA96280921EF3B3E002F7A9F /* ProgramCounter.swift */ = {isa = PBXFileReference; lastKnownFileType = sourcecode.swift; path = ProgramCounter.swift; sourceTree = "<group>"; };
		AA96280B21EF3B93002F7A9F /* EmulationError.swift */ = {isa = PBXFileReference; lastKnownFileType = sourcecode.swift; path = EmulationError.swift; sourceTree = "<group>"; };
		AA96280D21EF3BEA002F7A9F /* Registers.swift */ = {isa = PBXFileReference; lastKnownFileType = sourcecode.swift; path = Registers.swift; sourceTree = "<group>"; };
		AA96280F21EF3C5D002F7A9F /* Keys.swift */ = {isa = PBXFileReference; lastKnownFileType = sourcecode.swift; path = Keys.swift; sourceTree = "<group>"; };
		AA96281121EF3C99002F7A9F /* Opcode.swift */ = {isa = PBXFileReference; lastKnownFileType = sourcecode.swift; path = Opcode.swift; sourceTree = "<group>"; };
		AA96281321EF3CC3002F7A9F /* MemoryIndex.swift */ = {isa = PBXFileReference; lastKnownFileType = sourcecode.swift; path = MemoryIndex.swift; sourceTree = "<group>"; };
		AA96281521EF3CF5002F7A9F /* Timer.swift */ = {isa = PBXFileReference; lastKnownFileType = sourcecode.swift; path = Timer.swift; sourceTree = "<group>"; };
		AA96281721EF3D69002F7A9F /* Memory.swift */ = {isa = PBXFileReference; lastKnownFileType = sourcecode.swift; path = Memory.swift; sourceTree = "<group>"; };
		AA96281921EF3DC9002F7A9F /* SpriteBuffer.swift */ = {isa = PBXFileReference; lastKnownFileType = sourcecode.swift; path = SpriteBuffer.swift; sourceTree = "<group>"; };
		AA96281B21EF3E71002F7A9F /* MachineState.swift */ = {isa = PBXFileReference; lastKnownFileType = sourcecode.swift; path = MachineState.swift; sourceTree = "<group>"; };
		AA96281D21EF3F04002F7A9F /* SwiftChip8Emulator.swift */ = {isa = PBXFileReference; lastKnownFileType = sourcecode.swift; path = SwiftChip8Emulator.swift; sourceTree = "<group>"; };
/* End PBXFileReference section */

/* Begin PBXFrameworksBuildPhase section */
		AA768DED21EDC0E70027A930 /* Frameworks */ = {
			isa = PBXFrameworksBuildPhase;
			buildActionMask = 2147483647;
			files = (
				AA9627F821EF39A2002F7A9F /* SwiftChip8EmulatorCore.framework in Frameworks */,
			);
			runOnlyForDeploymentPostprocessing = 0;
		};
		AA768DFF21EDC0E90027A930 /* Frameworks */ = {
			isa = PBXFrameworksBuildPhase;
			buildActionMask = 2147483647;
			files = (
			);
			runOnlyForDeploymentPostprocessing = 0;
		};
		AA768E1221EDC1040027A930 /* Frameworks */ = {
			isa = PBXFrameworksBuildPhase;
			buildActionMask = 2147483647;
			files = (
			);
			runOnlyForDeploymentPostprocessing = 0;
		};
		AA9627D421EE6BE4002F7A9F /* Frameworks */ = {
			isa = PBXFrameworksBuildPhase;
			buildActionMask = 2147483647;
			files = (
			);
			runOnlyForDeploymentPostprocessing = 0;
		};
		AA9627E021EF39A2002F7A9F /* Frameworks */ = {
			isa = PBXFrameworksBuildPhase;
			buildActionMask = 2147483647;
			files = (
			);
			runOnlyForDeploymentPostprocessing = 0;
		};
		AA9627E821EF39A2002F7A9F /* Frameworks */ = {
			isa = PBXFrameworksBuildPhase;
			buildActionMask = 2147483647;
			files = (
				AA9627EC21EF39A2002F7A9F /* SwiftChip8EmulatorCore.framework in Frameworks */,
			);
			runOnlyForDeploymentPostprocessing = 0;
		};
/* End PBXFrameworksBuildPhase section */

/* Begin PBXGroup section */
		AA768DE721EDC0E70027A930 = {
			isa = PBXGroup;
			children = (
				AA768DF221EDC0E70027A930 /* SwiftChip8 */,
				AA768E0521EDC0E90027A930 /* SwiftChip8Tests */,
				AA768E1621EDC1040027A930 /* operators */,
				AA9627D821EE6BE4002F7A9F /* checks */,
				AA9627E421EF39A2002F7A9F /* SwiftChip8EmulatorCore */,
				AA9627F121EF39A2002F7A9F /* SwiftChip8EmulatorCoreTests */,
				AA768DF121EDC0E70027A930 /* Products */,
			);
			sourceTree = "<group>";
		};
		AA768DF121EDC0E70027A930 /* Products */ = {
			isa = PBXGroup;
			children = (
				AA768DF021EDC0E70027A930 /* SwiftChip8.app */,
				AA768E0221EDC0E90027A930 /* SwiftChip8Tests.xctest */,
				AA768E1521EDC1040027A930 /* operators */,
				AA9627D721EE6BE4002F7A9F /* checks */,
				AA9627E321EF39A2002F7A9F /* SwiftChip8EmulatorCore.framework */,
				AA9627EB21EF39A2002F7A9F /* SwiftChip8EmulatorCoreTests.xctest */,
			);
			name = Products;
			sourceTree = "<group>";
		};
		AA768DF221EDC0E70027A930 /* SwiftChip8 */ = {
			isa = PBXGroup;
			children = (
				AA768DF321EDC0E70027A930 /* AppDelegate.swift */,
				AA768DF521EDC0E70027A930 /* ViewController.swift */,
				AA768DF721EDC0E90027A930 /* Assets.xcassets */,
				AA768DF921EDC0E90027A930 /* Main.storyboard */,
				AA768DFC21EDC0E90027A930 /* Info.plist */,
				AA768DFD21EDC0E90027A930 /* SwiftChip8.entitlements */,
			);
			path = SwiftChip8;
			sourceTree = "<group>";
		};
		AA768E0521EDC0E90027A930 /* SwiftChip8Tests */ = {
			isa = PBXGroup;
			children = (
				AA768E0621EDC0E90027A930 /* SwiftChip8Tests.swift */,
				AA768E0821EDC0E90027A930 /* Info.plist */,
			);
			path = SwiftChip8Tests;
			sourceTree = "<group>";
		};
		AA768E1621EDC1040027A930 /* operators */ = {
			isa = PBXGroup;
			children = (
				AA768E1721EDC1040027A930 /* main.swift */,
			);
			path = operators;
			sourceTree = "<group>";
		};
		AA9627D821EE6BE4002F7A9F /* checks */ = {
			isa = PBXGroup;
			children = (
				AA9627D921EE6BE4002F7A9F /* main.swift */,
			);
			path = checks;
			sourceTree = "<group>";
		};
		AA9627E421EF39A2002F7A9F /* SwiftChip8EmulatorCore */ = {
			isa = PBXGroup;
			children = (
				AA9627E521EF39A2002F7A9F /* SwiftChip8EmulatorCore.h */,
				AA9627E621EF39A2002F7A9F /* Info.plist */,
				AA96280321EF3A34002F7A9F /* Stack.swift */,
				AA96280521EF3AC0002F7A9F /* BitCollection.swift */,
				AA96280721EF3AFC002F7A9F /* Register.swift */,
				AA96280B21EF3B93002F7A9F /* EmulationError.swift */,
				AA96280921EF3B3E002F7A9F /* ProgramCounter.swift */,
				AA96281321EF3CC3002F7A9F /* MemoryIndex.swift */,
				AA96280D21EF3BEA002F7A9F /* Registers.swift */,
				AA96281121EF3C99002F7A9F /* Opcode.swift */,
				AA96281521EF3CF5002F7A9F /* Timer.swift */,
				AA96280F21EF3C5D002F7A9F /* Keys.swift */,
				AA96281721EF3D69002F7A9F /* Memory.swift */,
				AA96281921EF3DC9002F7A9F /* SpriteBuffer.swift */,
				AA96281B21EF3E71002F7A9F /* MachineState.swift */,
				AA96280121EF39E4002F7A9F /* Chip8SystemDescription.swift */,
				AA96281D21EF3F04002F7A9F /* SwiftChip8Emulator.swift */,
			);
			path = SwiftChip8EmulatorCore;
			sourceTree = "<group>";
		};
		AA9627F121EF39A2002F7A9F /* SwiftChip8EmulatorCoreTests */ = {
			isa = PBXGroup;
			children = (
				AA9627F221EF39A2002F7A9F /* SwiftChip8EmulatorCoreTests.swift */,
				AA9627F421EF39A2002F7A9F /* Info.plist */,
			);
			path = SwiftChip8EmulatorCoreTests;
			sourceTree = "<group>";
		};
/* End PBXGroup section */

/* Begin PBXHeadersBuildPhase section */
		AA9627DE21EF39A2002F7A9F /* Headers */ = {
			isa = PBXHeadersBuildPhase;
			buildActionMask = 2147483647;
			files = (
				AA9627F521EF39A2002F7A9F /* SwiftChip8EmulatorCore.h in Headers */,
			);
			runOnlyForDeploymentPostprocessing = 0;
		};
/* End PBXHeadersBuildPhase section */

/* Begin PBXNativeTarget section */
		AA768DEF21EDC0E70027A930 /* SwiftChip8 */ = {
			isa = PBXNativeTarget;
			buildConfigurationList = AA768E0B21EDC0E90027A930 /* Build configuration list for PBXNativeTarget "SwiftChip8" */;
			buildPhases = (
				AA768DEC21EDC0E70027A930 /* Sources */,
				AA768DED21EDC0E70027A930 /* Frameworks */,
				AA768DEE21EDC0E70027A930 /* Resources */,
				AA9627FD21EF39A2002F7A9F /* Embed Frameworks */,
			);
			buildRules = (
			);
			dependencies = (
				AA9627F721EF39A2002F7A9F /* PBXTargetDependency */,
			);
			name = SwiftChip8;
			productName = SwiftChip8;
			productReference = AA768DF021EDC0E70027A930 /* SwiftChip8.app */;
			productType = "com.apple.product-type.application";
		};
		AA768E0121EDC0E90027A930 /* SwiftChip8Tests */ = {
			isa = PBXNativeTarget;
			buildConfigurationList = AA768E0E21EDC0E90027A930 /* Build configuration list for PBXNativeTarget "SwiftChip8Tests" */;
			buildPhases = (
				AA768DFE21EDC0E90027A930 /* Sources */,
				AA768DFF21EDC0E90027A930 /* Frameworks */,
				AA768E0021EDC0E90027A930 /* Resources */,
			);
			buildRules = (
			);
			dependencies = (
				AA768E0421EDC0E90027A930 /* PBXTargetDependency */,
			);
			name = SwiftChip8Tests;
			productName = SwiftChip8Tests;
			productReference = AA768E0221EDC0E90027A930 /* SwiftChip8Tests.xctest */;
			productType = "com.apple.product-type.bundle.unit-test";
		};
		AA768E1421EDC1040027A930 /* operators */ = {
			isa = PBXNativeTarget;
			buildConfigurationList = AA768E1921EDC1040027A930 /* Build configuration list for PBXNativeTarget "operators" */;
			buildPhases = (
				AA768E1121EDC1040027A930 /* Sources */,
				AA768E1221EDC1040027A930 /* Frameworks */,
				AA768E1321EDC1040027A930 /* CopyFiles */,
			);
			buildRules = (
			);
			dependencies = (
			);
			name = operators;
			productName = operators;
			productReference = AA768E1521EDC1040027A930 /* operators */;
			productType = "com.apple.product-type.tool";
		};
		AA9627D621EE6BE4002F7A9F /* checks */ = {
			isa = PBXNativeTarget;
			buildConfigurationList = AA9627DD21EE6BE4002F7A9F /* Build configuration list for PBXNativeTarget "checks" */;
			buildPhases = (
				AA9627D321EE6BE4002F7A9F /* Sources */,
				AA9627D421EE6BE4002F7A9F /* Frameworks */,
				AA9627D521EE6BE4002F7A9F /* CopyFiles */,
			);
			buildRules = (
			);
			dependencies = (
			);
			name = checks;
			productName = checks;
			productReference = AA9627D721EE6BE4002F7A9F /* checks */;
			productType = "com.apple.product-type.tool";
		};
		AA9627E221EF39A2002F7A9F /* SwiftChip8EmulatorCore */ = {
			isa = PBXNativeTarget;
			buildConfigurationList = AA9627FA21EF39A2002F7A9F /* Build configuration list for PBXNativeTarget "SwiftChip8EmulatorCore" */;
			buildPhases = (
				AA9627DE21EF39A2002F7A9F /* Headers */,
				AA9627DF21EF39A2002F7A9F /* Sources */,
				AA9627E021EF39A2002F7A9F /* Frameworks */,
				AA9627E121EF39A2002F7A9F /* Resources */,
			);
			buildRules = (
			);
			dependencies = (
			);
			name = SwiftChip8EmulatorCore;
			productName = SwiftChip8EmulatorCore;
			productReference = AA9627E321EF39A2002F7A9F /* SwiftChip8EmulatorCore.framework */;
			productType = "com.apple.product-type.framework";
		};
		AA9627EA21EF39A2002F7A9F /* SwiftChip8EmulatorCoreTests */ = {
			isa = PBXNativeTarget;
			buildConfigurationList = AA9627FE21EF39A2002F7A9F /* Build configuration list for PBXNativeTarget "SwiftChip8EmulatorCoreTests" */;
			buildPhases = (
				AA9627E721EF39A2002F7A9F /* Sources */,
				AA9627E821EF39A2002F7A9F /* Frameworks */,
				AA9627E921EF39A2002F7A9F /* Resources */,
			);
			buildRules = (
			);
			dependencies = (
				AA9627EE21EF39A2002F7A9F /* PBXTargetDependency */,
				AA9627F021EF39A2002F7A9F /* PBXTargetDependency */,
			);
			name = SwiftChip8EmulatorCoreTests;
			productName = SwiftChip8EmulatorCoreTests;
			productReference = AA9627EB21EF39A2002F7A9F /* SwiftChip8EmulatorCoreTests.xctest */;
			productType = "com.apple.product-type.bundle.unit-test";
		};
/* End PBXNativeTarget section */

/* Begin PBXProject section */
		AA768DE821EDC0E70027A930 /* Project object */ = {
			isa = PBXProject;
			attributes = {
				LastSwiftUpdateCheck = 1010;
				LastUpgradeCheck = 1010;
				ORGANIZATIONNAME = "Enigmatic Ape";
				TargetAttributes = {
					AA768DEF21EDC0E70027A930 = {
						CreatedOnToolsVersion = 10.1;
					};
					AA768E0121EDC0E90027A930 = {
						CreatedOnToolsVersion = 10.1;
						TestTargetID = AA768DEF21EDC0E70027A930;
					};
					AA768E1421EDC1040027A930 = {
						CreatedOnToolsVersion = 10.1;
					};
					AA9627D621EE6BE4002F7A9F = {
						CreatedOnToolsVersion = 10.1;
					};
					AA9627E221EF39A2002F7A9F = {
						CreatedOnToolsVersion = 10.1;
						LastSwiftMigration = 1010;
					};
					AA9627EA21EF39A2002F7A9F = {
						CreatedOnToolsVersion = 10.1;
						TestTargetID = AA768DEF21EDC0E70027A930;
					};
				};
			};
			buildConfigurationList = AA768DEB21EDC0E70027A930 /* Build configuration list for PBXProject "SwiftChip8" */;
			compatibilityVersion = "Xcode 9.3";
			developmentRegion = en;
			hasScannedForEncodings = 0;
			knownRegions = (
				en,
				Base,
			);
			mainGroup = AA768DE721EDC0E70027A930;
			productRefGroup = AA768DF121EDC0E70027A930 /* Products */;
			projectDirPath = "";
			projectRoot = "";
			targets = (
				AA768DEF21EDC0E70027A930 /* SwiftChip8 */,
				AA768E0121EDC0E90027A930 /* SwiftChip8Tests */,
				AA768E1421EDC1040027A930 /* operators */,
				AA9627D621EE6BE4002F7A9F /* checks */,
				AA9627E221EF39A2002F7A9F /* SwiftChip8EmulatorCore */,
				AA9627EA21EF39A2002F7A9F /* SwiftChip8EmulatorCoreTests */,
			);
		};
/* End PBXProject section */

/* Begin PBXResourcesBuildPhase section */
		AA768DEE21EDC0E70027A930 /* Resources */ = {
			isa = PBXResourcesBuildPhase;
			buildActionMask = 2147483647;
			files = (
				AA768DF821EDC0E90027A930 /* Assets.xcassets in Resources */,
				AA768DFB21EDC0E90027A930 /* Main.storyboard in Resources */,
			);
			runOnlyForDeploymentPostprocessing = 0;
		};
		AA768E0021EDC0E90027A930 /* Resources */ = {
			isa = PBXResourcesBuildPhase;
			buildActionMask = 2147483647;
			files = (
			);
			runOnlyForDeploymentPostprocessing = 0;
		};
		AA9627E121EF39A2002F7A9F /* Resources */ = {
			isa = PBXResourcesBuildPhase;
			buildActionMask = 2147483647;
			files = (
			);
			runOnlyForDeploymentPostprocessing = 0;
		};
		AA9627E921EF39A2002F7A9F /* Resources */ = {
			isa = PBXResourcesBuildPhase;
			buildActionMask = 2147483647;
			files = (
			);
			runOnlyForDeploymentPostprocessing = 0;
		};
/* End PBXResourcesBuildPhase section */

/* Begin PBXSourcesBuildPhase section */
		AA768DEC21EDC0E70027A930 /* Sources */ = {
			isa = PBXSourcesBuildPhase;
			buildActionMask = 2147483647;
			files = (
				AA768DF621EDC0E70027A930 /* ViewController.swift in Sources */,
				AA768DF421EDC0E70027A930 /* AppDelegate.swift in Sources */,
			);
			runOnlyForDeploymentPostprocessing = 0;
		};
		AA768DFE21EDC0E90027A930 /* Sources */ = {
			isa = PBXSourcesBuildPhase;
			buildActionMask = 2147483647;
			files = (
				AA768E0721EDC0E90027A930 /* SwiftChip8Tests.swift in Sources */,
			);
			runOnlyForDeploymentPostprocessing = 0;
		};
		AA768E1121EDC1040027A930 /* Sources */ = {
			isa = PBXSourcesBuildPhase;
			buildActionMask = 2147483647;
			files = (
				AA768E1821EDC1040027A930 /* main.swift in Sources */,
			);
			runOnlyForDeploymentPostprocessing = 0;
		};
		AA9627D321EE6BE4002F7A9F /* Sources */ = {
			isa = PBXSourcesBuildPhase;
			buildActionMask = 2147483647;
			files = (
				AA9627DA21EE6BE4002F7A9F /* main.swift in Sources */,
			);
			runOnlyForDeploymentPostprocessing = 0;
		};
		AA9627DF21EF39A2002F7A9F /* Sources */ = {
			isa = PBXSourcesBuildPhase;
			buildActionMask = 2147483647;
			files = (
				AA96281821EF3D69002F7A9F /* Memory.swift in Sources */,
				AA96281221EF3C99002F7A9F /* Opcode.swift in Sources */,
				AA96280421EF3A34002F7A9F /* Stack.swift in Sources */,
				AA96281021EF3C5D002F7A9F /* Keys.swift in Sources */,
				AA96281A21EF3DC9002F7A9F /* SpriteBuffer.swift in Sources */,
				AA96280221EF39E4002F7A9F /* Chip8SystemDescription.swift in Sources */,
				AA96280821EF3AFC002F7A9F /* Register.swift in Sources */,
				AA96280A21EF3B3E002F7A9F /* ProgramCounter.swift in Sources */,
				AA96280E21EF3BEA002F7A9F /* Registers.swift in Sources */,
				AA96281C21EF3E71002F7A9F /* MachineState.swift in Sources */,
				AA96280621EF3AC0002F7A9F /* BitCollection.swift in Sources */,
				AA96280C21EF3B93002F7A9F /* EmulationError.swift in Sources */,
				AA96281E21EF3F04002F7A9F /* SwiftChip8Emulator.swift in Sources */,
				AA96281621EF3CF5002F7A9F /* Timer.swift in Sources */,
				AA96281421EF3CC3002F7A9F /* MemoryIndex.swift in Sources */,
			);
			runOnlyForDeploymentPostprocessing = 0;
		};
		AA9627E721EF39A2002F7A9F /* Sources */ = {
			isa = PBXSourcesBuildPhase;
			buildActionMask = 2147483647;
			files = (
				AA9627F321EF39A2002F7A9F /* SwiftChip8EmulatorCoreTests.swift in Sources */,
			);
			runOnlyForDeploymentPostprocessing = 0;
		};
/* End PBXSourcesBuildPhase section */

/* Begin PBXTargetDependency section */
		AA768E0421EDC0E90027A930 /* PBXTargetDependency */ = {
			isa = PBXTargetDependency;
			target = AA768DEF21EDC0E70027A930 /* SwiftChip8 */;
			targetProxy = AA768E0321EDC0E90027A930 /* PBXContainerItemProxy */;
		};
		AA9627EE21EF39A2002F7A9F /* PBXTargetDependency */ = {
			isa = PBXTargetDependency;
			target = AA9627E221EF39A2002F7A9F /* SwiftChip8EmulatorCore */;
			targetProxy = AA9627ED21EF39A2002F7A9F /* PBXContainerItemProxy */;
		};
		AA9627F021EF39A2002F7A9F /* PBXTargetDependency */ = {
			isa = PBXTargetDependency;
			target = AA768DEF21EDC0E70027A930 /* SwiftChip8 */;
			targetProxy = AA9627EF21EF39A2002F7A9F /* PBXContainerItemProxy */;
		};
		AA9627F721EF39A2002F7A9F /* PBXTargetDependency */ = {
			isa = PBXTargetDependency;
			target = AA9627E221EF39A2002F7A9F /* SwiftChip8EmulatorCore */;
			targetProxy = AA9627F621EF39A2002F7A9F /* PBXContainerItemProxy */;
		};
/* End PBXTargetDependency section */

/* Begin PBXVariantGroup section */
		AA768DF921EDC0E90027A930 /* Main.storyboard */ = {
			isa = PBXVariantGroup;
			children = (
				AA768DFA21EDC0E90027A930 /* Base */,
			);
			name = Main.storyboard;
			sourceTree = "<group>";
		};
/* End PBXVariantGroup section */

/* Begin XCBuildConfiguration section */
		AA768E0921EDC0E90027A930 /* Debug */ = {
			isa = XCBuildConfiguration;
			buildSettings = {
				ALWAYS_SEARCH_USER_PATHS = NO;
				CLANG_ANALYZER_NONNULL = YES;
				CLANG_ANALYZER_NUMBER_OBJECT_CONVERSION = YES_AGGRESSIVE;
				CLANG_CXX_LANGUAGE_STANDARD = "gnu++14";
				CLANG_CXX_LIBRARY = "libc++";
				CLANG_ENABLE_MODULES = YES;
				CLANG_ENABLE_OBJC_ARC = YES;
				CLANG_ENABLE_OBJC_WEAK = YES;
				CLANG_WARN_BLOCK_CAPTURE_AUTORELEASING = YES;
				CLANG_WARN_BOOL_CONVERSION = YES;
				CLANG_WARN_COMMA = YES;
				CLANG_WARN_CONSTANT_CONVERSION = YES;
				CLANG_WARN_DEPRECATED_OBJC_IMPLEMENTATIONS = YES;
				CLANG_WARN_DIRECT_OBJC_ISA_USAGE = YES_ERROR;
				CLANG_WARN_DOCUMENTATION_COMMENTS = YES;
				CLANG_WARN_EMPTY_BODY = YES;
				CLANG_WARN_ENUM_CONVERSION = YES;
				CLANG_WARN_INFINITE_RECURSION = YES;
				CLANG_WARN_INT_CONVERSION = YES;
				CLANG_WARN_NON_LITERAL_NULL_CONVERSION = YES;
				CLANG_WARN_OBJC_IMPLICIT_RETAIN_SELF = YES;
				CLANG_WARN_OBJC_LITERAL_CONVERSION = YES;
				CLANG_WARN_OBJC_ROOT_CLASS = YES_ERROR;
				CLANG_WARN_RANGE_LOOP_ANALYSIS = YES;
				CLANG_WARN_STRICT_PROTOTYPES = YES;
				CLANG_WARN_SUSPICIOUS_MOVE = YES;
				CLANG_WARN_UNGUARDED_AVAILABILITY = YES_AGGRESSIVE;
				CLANG_WARN_UNREACHABLE_CODE = YES;
				CLANG_WARN__DUPLICATE_METHOD_MATCH = YES;
				CODE_SIGN_IDENTITY = "Mac Developer";
				COPY_PHASE_STRIP = NO;
				DEBUG_INFORMATION_FORMAT = dwarf;
				ENABLE_STRICT_OBJC_MSGSEND = YES;
				ENABLE_TESTABILITY = YES;
				GCC_C_LANGUAGE_STANDARD = gnu11;
				GCC_DYNAMIC_NO_PIC = NO;
				GCC_NO_COMMON_BLOCKS = YES;
				GCC_OPTIMIZATION_LEVEL = 0;
				GCC_PREPROCESSOR_DEFINITIONS = (
					"DEBUG=1",
					"$(inherited)",
				);
				GCC_WARN_64_TO_32_BIT_CONVERSION = YES;
				GCC_WARN_ABOUT_RETURN_TYPE = YES_ERROR;
				GCC_WARN_UNDECLARED_SELECTOR = YES;
				GCC_WARN_UNINITIALIZED_AUTOS = YES_AGGRESSIVE;
				GCC_WARN_UNUSED_FUNCTION = YES;
				GCC_WARN_UNUSED_VARIABLE = YES;
				MACOSX_DEPLOYMENT_TARGET = 10.14;
				MTL_ENABLE_DEBUG_INFO = INCLUDE_SOURCE;
				MTL_FAST_MATH = YES;
				ONLY_ACTIVE_ARCH = YES;
				SDKROOT = macosx;
				SWIFT_ACTIVE_COMPILATION_CONDITIONS = DEBUG;
				SWIFT_OPTIMIZATION_LEVEL = "-Onone";
			};
			name = Debug;
		};
		AA768E0A21EDC0E90027A930 /* Release */ = {
			isa = XCBuildConfiguration;
			buildSettings = {
				ALWAYS_SEARCH_USER_PATHS = NO;
				CLANG_ANALYZER_NONNULL = YES;
				CLANG_ANALYZER_NUMBER_OBJECT_CONVERSION = YES_AGGRESSIVE;
				CLANG_CXX_LANGUAGE_STANDARD = "gnu++14";
				CLANG_CXX_LIBRARY = "libc++";
				CLANG_ENABLE_MODULES = YES;
				CLANG_ENABLE_OBJC_ARC = YES;
				CLANG_ENABLE_OBJC_WEAK = YES;
				CLANG_WARN_BLOCK_CAPTURE_AUTORELEASING = YES;
				CLANG_WARN_BOOL_CONVERSION = YES;
				CLANG_WARN_COMMA = YES;
				CLANG_WARN_CONSTANT_CONVERSION = YES;
				CLANG_WARN_DEPRECATED_OBJC_IMPLEMENTATIONS = YES;
				CLANG_WARN_DIRECT_OBJC_ISA_USAGE = YES_ERROR;
				CLANG_WARN_DOCUMENTATION_COMMENTS = YES;
				CLANG_WARN_EMPTY_BODY = YES;
				CLANG_WARN_ENUM_CONVERSION = YES;
				CLANG_WARN_INFINITE_RECURSION = YES;
				CLANG_WARN_INT_CONVERSION = YES;
				CLANG_WARN_NON_LITERAL_NULL_CONVERSION = YES;
				CLANG_WARN_OBJC_IMPLICIT_RETAIN_SELF = YES;
				CLANG_WARN_OBJC_LITERAL_CONVERSION = YES;
				CLANG_WARN_OBJC_ROOT_CLASS = YES_ERROR;
				CLANG_WARN_RANGE_LOOP_ANALYSIS = YES;
				CLANG_WARN_STRICT_PROTOTYPES = YES;
				CLANG_WARN_SUSPICIOUS_MOVE = YES;
				CLANG_WARN_UNGUARDED_AVAILABILITY = YES_AGGRESSIVE;
				CLANG_WARN_UNREACHABLE_CODE = YES;
				CLANG_WARN__DUPLICATE_METHOD_MATCH = YES;
				CODE_SIGN_IDENTITY = "Mac Developer";
				COPY_PHASE_STRIP = NO;
				DEBUG_INFORMATION_FORMAT = "dwarf-with-dsym";
				ENABLE_NS_ASSERTIONS = NO;
				ENABLE_STRICT_OBJC_MSGSEND = YES;
				GCC_C_LANGUAGE_STANDARD = gnu11;
				GCC_NO_COMMON_BLOCKS = YES;
				GCC_WARN_64_TO_32_BIT_CONVERSION = YES;
				GCC_WARN_ABOUT_RETURN_TYPE = YES_ERROR;
				GCC_WARN_UNDECLARED_SELECTOR = YES;
				GCC_WARN_UNINITIALIZED_AUTOS = YES_AGGRESSIVE;
				GCC_WARN_UNUSED_FUNCTION = YES;
				GCC_WARN_UNUSED_VARIABLE = YES;
				MACOSX_DEPLOYMENT_TARGET = 10.14;
				MTL_ENABLE_DEBUG_INFO = NO;
				MTL_FAST_MATH = YES;
				SDKROOT = macosx;
				SWIFT_COMPILATION_MODE = wholemodule;
				SWIFT_OPTIMIZATION_LEVEL = "-O";
			};
			name = Release;
		};
		AA768E0C21EDC0E90027A930 /* Debug */ = {
			isa = XCBuildConfiguration;
			buildSettings = {
				ALWAYS_EMBED_SWIFT_STANDARD_LIBRARIES = YES;
				ASSETCATALOG_COMPILER_APPICON_NAME = AppIcon;
				CODE_SIGN_ENTITLEMENTS = SwiftChip8/SwiftChip8.entitlements;
				CODE_SIGN_STYLE = Automatic;
				COMBINE_HIDPI_IMAGES = YES;
				DEVELOPMENT_TEAM = 66Z9E6ABHK;
				INFOPLIST_FILE = SwiftChip8/Info.plist;
				LD_RUNPATH_SEARCH_PATHS = (
					"$(inherited)",
					"@executable_path/../Frameworks",
				);
				PRODUCT_BUNDLE_IDENTIFIER = com.enigmaticape.SwiftChip8;
				PRODUCT_NAME = "$(TARGET_NAME)";
				SWIFT_VERSION = 4.2;
			};
			name = Debug;
		};
		AA768E0D21EDC0E90027A930 /* Release */ = {
			isa = XCBuildConfiguration;
			buildSettings = {
				ALWAYS_EMBED_SWIFT_STANDARD_LIBRARIES = YES;
				ASSETCATALOG_COMPILER_APPICON_NAME = AppIcon;
				CODE_SIGN_ENTITLEMENTS = SwiftChip8/SwiftChip8.entitlements;
				CODE_SIGN_STYLE = Automatic;
				COMBINE_HIDPI_IMAGES = YES;
				DEVELOPMENT_TEAM = 66Z9E6ABHK;
				INFOPLIST_FILE = SwiftChip8/Info.plist;
				LD_RUNPATH_SEARCH_PATHS = (
					"$(inherited)",
					"@executable_path/../Frameworks",
				);
				PRODUCT_BUNDLE_IDENTIFIER = com.enigmaticape.SwiftChip8;
				PRODUCT_NAME = "$(TARGET_NAME)";
				SWIFT_VERSION = 4.2;
			};
			name = Release;
		};
		AA768E0F21EDC0E90027A930 /* Debug */ = {
			isa = XCBuildConfiguration;
			buildSettings = {
				ALWAYS_EMBED_SWIFT_STANDARD_LIBRARIES = YES;
				BUNDLE_LOADER = "$(TEST_HOST)";
				CODE_SIGN_STYLE = Automatic;
				COMBINE_HIDPI_IMAGES = YES;
				DEVELOPMENT_TEAM = 66Z9E6ABHK;
				INFOPLIST_FILE = SwiftChip8Tests/Info.plist;
				LD_RUNPATH_SEARCH_PATHS = (
					"$(inherited)",
					"@executable_path/../Frameworks",
					"@loader_path/../Frameworks",
				);
				PRODUCT_BUNDLE_IDENTIFIER = com.enigmaticape.SwiftChip8Tests;
				PRODUCT_NAME = "$(TARGET_NAME)";
				SWIFT_VERSION = 4.2;
				TEST_HOST = "$(BUILT_PRODUCTS_DIR)/SwiftChip8.app/Contents/MacOS/SwiftChip8";
			};
			name = Debug;
		};
		AA768E1021EDC0E90027A930 /* Release */ = {
			isa = XCBuildConfiguration;
			buildSettings = {
				ALWAYS_EMBED_SWIFT_STANDARD_LIBRARIES = YES;
				BUNDLE_LOADER = "$(TEST_HOST)";
				CODE_SIGN_STYLE = Automatic;
				COMBINE_HIDPI_IMAGES = YES;
				DEVELOPMENT_TEAM = 66Z9E6ABHK;
				INFOPLIST_FILE = SwiftChip8Tests/Info.plist;
				LD_RUNPATH_SEARCH_PATHS = (
					"$(inherited)",
					"@executable_path/../Frameworks",
					"@loader_path/../Frameworks",
				);
				PRODUCT_BUNDLE_IDENTIFIER = com.enigmaticape.SwiftChip8Tests;
				PRODUCT_NAME = "$(TARGET_NAME)";
				SWIFT_VERSION = 4.2;
				TEST_HOST = "$(BUILT_PRODUCTS_DIR)/SwiftChip8.app/Contents/MacOS/SwiftChip8";
			};
			name = Release;
		};
		AA768E1A21EDC1040027A930 /* Debug */ = {
			isa = XCBuildConfiguration;
			buildSettings = {
				CODE_SIGN_STYLE = Automatic;
				DEVELOPMENT_TEAM = 66Z9E6ABHK;
				PRODUCT_NAME = "$(TARGET_NAME)";
				SWIFT_VERSION = 4.2;
			};
			name = Debug;
		};
		AA768E1B21EDC1040027A930 /* Release */ = {
			isa = XCBuildConfiguration;
			buildSettings = {
				CODE_SIGN_STYLE = Automatic;
				DEVELOPMENT_TEAM = 66Z9E6ABHK;
				PRODUCT_NAME = "$(TARGET_NAME)";
				SWIFT_VERSION = 4.2;
			};
			name = Release;
		};
		AA9627DB21EE6BE4002F7A9F /* Debug */ = {
			isa = XCBuildConfiguration;
			buildSettings = {
				CODE_SIGN_STYLE = Automatic;
				DEVELOPMENT_TEAM = 66Z9E6ABHK;
				PRODUCT_NAME = "$(TARGET_NAME)";
				SWIFT_VERSION = 4.2;
			};
			name = Debug;
		};
		AA9627DC21EE6BE4002F7A9F /* Release */ = {
			isa = XCBuildConfiguration;
			buildSettings = {
				CODE_SIGN_STYLE = Automatic;
				DEVELOPMENT_TEAM = 66Z9E6ABHK;
				PRODUCT_NAME = "$(TARGET_NAME)";
				SWIFT_VERSION = 4.2;
			};
			name = Release;
		};
		AA9627FB21EF39A2002F7A9F /* Debug */ = {
			isa = XCBuildConfiguration;
			buildSettings = {
				CLANG_ENABLE_MODULES = YES;
				CODE_SIGN_IDENTITY = "";
				CODE_SIGN_STYLE = Automatic;
				COMBINE_HIDPI_IMAGES = YES;
				CURRENT_PROJECT_VERSION = 1;
				DEFINES_MODULE = YES;
				DEVELOPMENT_TEAM = 66Z9E6ABHK;
				DYLIB_COMPATIBILITY_VERSION = 1;
				DYLIB_CURRENT_VERSION = 1;
				DYLIB_INSTALL_NAME_BASE = "@rpath";
				FRAMEWORK_VERSION = A;
				INFOPLIST_FILE = SwiftChip8EmulatorCore/Info.plist;
				INSTALL_PATH = "$(LOCAL_LIBRARY_DIR)/Frameworks";
				LD_RUNPATH_SEARCH_PATHS = (
					"$(inherited)",
					"@executable_path/../Frameworks",
					"@loader_path/Frameworks",
				);
				PRODUCT_BUNDLE_IDENTIFIER = com.enigmaticape.SwiftChip8EmulatorCore;
				PRODUCT_NAME = "$(TARGET_NAME:c99extidentifier)";
				SKIP_INSTALL = YES;
				SWIFT_OPTIMIZATION_LEVEL = "-Onone";
				SWIFT_VERSION = 4.2;
				VERSIONING_SYSTEM = "apple-generic";
				VERSION_INFO_PREFIX = "";
			};
			name = Debug;
		};
		AA9627FC21EF39A2002F7A9F /* Release */ = {
			isa = XCBuildConfiguration;
			buildSettings = {
				CLANG_ENABLE_MODULES = YES;
				CODE_SIGN_IDENTITY = "";
				CODE_SIGN_STYLE = Automatic;
				COMBINE_HIDPI_IMAGES = YES;
				CURRENT_PROJECT_VERSION = 1;
				DEFINES_MODULE = YES;
				DEVELOPMENT_TEAM = 66Z9E6ABHK;
				DYLIB_COMPATIBILITY_VERSION = 1;
				DYLIB_CURRENT_VERSION = 1;
				DYLIB_INSTALL_NAME_BASE = "@rpath";
				FRAMEWORK_VERSION = A;
				INFOPLIST_FILE = SwiftChip8EmulatorCore/Info.plist;
				INSTALL_PATH = "$(LOCAL_LIBRARY_DIR)/Frameworks";
				LD_RUNPATH_SEARCH_PATHS = (
					"$(inherited)",
					"@executable_path/../Frameworks",
					"@loader_path/Frameworks",
				);
				PRODUCT_BUNDLE_IDENTIFIER = com.enigmaticape.SwiftChip8EmulatorCore;
				PRODUCT_NAME = "$(TARGET_NAME:c99extidentifier)";
				SKIP_INSTALL = YES;
				SWIFT_VERSION = 4.2;
				VERSIONING_SYSTEM = "apple-generic";
				VERSION_INFO_PREFIX = "";
			};
			name = Release;
		};
		AA9627FF21EF39A2002F7A9F /* Debug */ = {
			isa = XCBuildConfiguration;
			buildSettings = {
				ALWAYS_EMBED_SWIFT_STANDARD_LIBRARIES = YES;
				CODE_SIGN_STYLE = Automatic;
				COMBINE_HIDPI_IMAGES = YES;
				DEVELOPMENT_TEAM = 66Z9E6ABHK;
				INFOPLIST_FILE = SwiftChip8EmulatorCoreTests/Info.plist;
				LD_RUNPATH_SEARCH_PATHS = (
					"$(inherited)",
					"@executable_path/../Frameworks",
					"@loader_path/../Frameworks",
				);
				PRODUCT_BUNDLE_IDENTIFIER = com.enigmaticape.SwiftChip8EmulatorCoreTests;
				PRODUCT_NAME = "$(TARGET_NAME)";
				SWIFT_VERSION = 4.2;
				TEST_HOST = "$(BUILT_PRODUCTS_DIR)/SwiftChip8.app/Contents/MacOS/SwiftChip8";
			};
			name = Debug;
		};
		AA96280021EF39A2002F7A9F /* Release */ = {
			isa = XCBuildConfiguration;
			buildSettings = {
				ALWAYS_EMBED_SWIFT_STANDARD_LIBRARIES = YES;
				CODE_SIGN_STYLE = Automatic;
				COMBINE_HIDPI_IMAGES = YES;
				DEVELOPMENT_TEAM = 66Z9E6ABHK;
				INFOPLIST_FILE = SwiftChip8EmulatorCoreTests/Info.plist;
				LD_RUNPATH_SEARCH_PATHS = (
					"$(inherited)",
					"@executable_path/../Frameworks",
					"@loader_path/../Frameworks",
				);
				PRODUCT_BUNDLE_IDENTIFIER = com.enigmaticape.SwiftChip8EmulatorCoreTests;
				PRODUCT_NAME = "$(TARGET_NAME)";
				SWIFT_VERSION = 4.2;
				TEST_HOST = "$(BUILT_PRODUCTS_DIR)/SwiftChip8.app/Contents/MacOS/SwiftChip8";
			};
			name = Release;
		};
/* End XCBuildConfiguration section */

/* Begin XCConfigurationList section */
		AA768DEB21EDC0E70027A930 /* Build configuration list for PBXProject "SwiftChip8" */ = {
			isa = XCConfigurationList;
			buildConfigurations = (
				AA768E0921EDC0E90027A930 /* Debug */,
				AA768E0A21EDC0E90027A930 /* Release */,
			);
			defaultConfigurationIsVisible = 0;
			defaultConfigurationName = Release;
		};
		AA768E0B21EDC0E90027A930 /* Build configuration list for PBXNativeTarget "SwiftChip8" */ = {
			isa = XCConfigurationList;
			buildConfigurations = (
				AA768E0C21EDC0E90027A930 /* Debug */,
				AA768E0D21EDC0E90027A930 /* Release */,
			);
			defaultConfigurationIsVisible = 0;
			defaultConfigurationName = Release;
		};
		AA768E0E21EDC0E90027A930 /* Build configuration list for PBXNativeTarget "SwiftChip8Tests" */ = {
			isa = XCConfigurationList;
			buildConfigurations = (
				AA768E0F21EDC0E90027A930 /* Debug */,
				AA768E1021EDC0E90027A930 /* Release */,
			);
			defaultConfigurationIsVisible = 0;
			defaultConfigurationName = Release;
		};
		AA768E1921EDC1040027A930 /* Build configuration list for PBXNativeTarget "operators" */ = {
			isa = XCConfigurationList;
			buildConfigurations = (
				AA768E1A21EDC1040027A930 /* Debug */,
				AA768E1B21EDC1040027A930 /* Release */,
			);
			defaultConfigurationIsVisible = 0;
			defaultConfigurationName = Release;
		};
		AA9627DD21EE6BE4002F7A9F /* Build configuration list for PBXNativeTarget "checks" */ = {
			isa = XCConfigurationList;
			buildConfigurations = (
				AA9627DB21EE6BE4002F7A9F /* Debug */,
				AA9627DC21EE6BE4002F7A9F /* Release */,
			);
			defaultConfigurationIsVisible = 0;
			defaultConfigurationName = Release;
		};
		AA9627FA21EF39A2002F7A9F /* Build configuration list for PBXNativeTarget "SwiftChip8EmulatorCore" */ = {
			isa = XCConfigurationList;
			buildConfigurations = (
				AA9627FB21EF39A2002F7A9F /* Debug */,
				AA9627FC21EF39A2002F7A9F /* Release */,
			);
			defaultConfigurationIsVisible = 0;
			defaultConfigurationName = Release;
		};
		AA9627FE21EF39A2002F7A9F /* Build configuration list for PBXNativeTarget "SwiftChip8EmulatorCoreTests" */ = {
			isa = XCConfigurationList;
			buildConfigurations = (
				AA9627FF21EF39A2002F7A9F /* Debug */,
				AA96280021EF39A2002F7A9F /* Release */,
			);
			defaultConfigurationIsVisible = 0;
			defaultConfigurationName = Release;
		};
/* End XCConfigurationList section */
	};
	rootObject = AA768DE821EDC0E70027A930 /* Project object */;
}
